// !$*UTF8*$!
{
	archiveVersion = 1;
	classes = {
	};
	objectVersion = 51;
	objects = {

/* Begin PBXBuildFile section */
		B4708B0856EAC2006ED169F9 /* Pods_UberTutorial.framework in Frameworks */ = {isa = PBXBuildFile; fileRef = C55646F27DC743732DD55A8C /* Pods_UberTutorial.framework */; };
		C407693D244F535800793290 /* Extensions.swift in Sources */ = {isa = PBXBuildFile; fileRef = C407693C244F535800793290 /* Extensions.swift */; };
		C44FB6A2244F42C6007AC38D /* AppDelegate.swift in Sources */ = {isa = PBXBuildFile; fileRef = C44FB6A1244F42C6007AC38D /* AppDelegate.swift */; };
		C44FB6A4244F42C6007AC38D /* SceneDelegate.swift in Sources */ = {isa = PBXBuildFile; fileRef = C44FB6A3244F42C6007AC38D /* SceneDelegate.swift */; };
		C44FB6A9244F42C6007AC38D /* Main.storyboard in Resources */ = {isa = PBXBuildFile; fileRef = C44FB6A7244F42C6007AC38D /* Main.storyboard */; };
		C44FB6AB244F42C9007AC38D /* Assets.xcassets in Resources */ = {isa = PBXBuildFile; fileRef = C44FB6AA244F42C9007AC38D /* Assets.xcassets */; };
		C44FB6AE244F42C9007AC38D /* LaunchScreen.storyboard in Resources */ = {isa = PBXBuildFile; fileRef = C44FB6AC244F42C9007AC38D /* LaunchScreen.storyboard */; };
		C44FB6BC244F4544007AC38D /* LoginController.swift in Sources */ = {isa = PBXBuildFile; fileRef = C44FB6BB244F4544007AC38D /* LoginController.swift */; };
		C488F83E2459D6CA00DCD719 /* HomeController.swift in Sources */ = {isa = PBXBuildFile; fileRef = C488F83D2459D6CA00DCD719 /* HomeController.swift */; };
		C4A81ED42457297500CA68DC /* SignUpController.swift in Sources */ = {isa = PBXBuildFile; fileRef = C4A81ED32457297500CA68DC /* SignUpController.swift */; };
		C4A81ED6245740F100CA68DC /* AuthButton.swift in Sources */ = {isa = PBXBuildFile; fileRef = C4A81ED5245740F100CA68DC /* AuthButton.swift */; };
		C4A81ED824586DBA00CA68DC /* GoogleService-Info.plist in Resources */ = {isa = PBXBuildFile; fileRef = C4A81ED724586DBA00CA68DC /* GoogleService-Info.plist */; };
		C4F285F32461BF2A00E76CC6 /* LocationInputView.swift in Sources */ = {isa = PBXBuildFile; fileRef = C4F285F22461BF2A00E76CC6 /* LocationInputView.swift */; };
		C4F285F52461C33900E76CC6 /* LocationInputActivationView.swift in Sources */ = {isa = PBXBuildFile; fileRef = C4F285F42461C33900E76CC6 /* LocationInputActivationView.swift */; };
		C4F285F72463066300E76CC6 /* LocationCell.swift in Sources */ = {isa = PBXBuildFile; fileRef = C4F285F62463066300E76CC6 /* LocationCell.swift */; };
		C4F285F9246317D000E76CC6 /* Service.swift in Sources */ = {isa = PBXBuildFile; fileRef = C4F285F8246317D000E76CC6 /* Service.swift */; };
		C4F285FB24644D2200E76CC6 /* User.swift in Sources */ = {isa = PBXBuildFile; fileRef = C4F285FA24644D2200E76CC6 /* User.swift */; };
		C4F285FD2464570800E76CC6 /* LocationHandler.swift in Sources */ = {isa = PBXBuildFile; fileRef = C4F285FC2464570800E76CC6 /* LocationHandler.swift */; };
		C4F285FF246472AD00E76CC6 /* DriverAnnotation.swift in Sources */ = {isa = PBXBuildFile; fileRef = C4F285FE246472AD00E76CC6 /* DriverAnnotation.swift */; };
/* End PBXBuildFile section */

/* Begin PBXFileReference section */
		39978E0B2F6B3ED5AA02C376 /* Pods-UberTutorial.debug.xcconfig */ = {isa = PBXFileReference; includeInIndex = 1; lastKnownFileType = text.xcconfig; name = "Pods-UberTutorial.debug.xcconfig"; path = "Target Support Files/Pods-UberTutorial/Pods-UberTutorial.debug.xcconfig"; sourceTree = "<group>"; };
		C407693C244F535800793290 /* Extensions.swift */ = {isa = PBXFileReference; lastKnownFileType = sourcecode.swift; path = Extensions.swift; sourceTree = "<group>"; };
		C44FB69E244F42C6007AC38D /* UberTutorial.app */ = {isa = PBXFileReference; explicitFileType = wrapper.application; includeInIndex = 0; path = UberTutorial.app; sourceTree = BUILT_PRODUCTS_DIR; };
		C44FB6A1244F42C6007AC38D /* AppDelegate.swift */ = {isa = PBXFileReference; lastKnownFileType = sourcecode.swift; path = AppDelegate.swift; sourceTree = "<group>"; };
		C44FB6A3244F42C6007AC38D /* SceneDelegate.swift */ = {isa = PBXFileReference; lastKnownFileType = sourcecode.swift; path = SceneDelegate.swift; sourceTree = "<group>"; };
		C44FB6A8244F42C6007AC38D /* Base */ = {isa = PBXFileReference; lastKnownFileType = file.storyboard; name = Base; path = Base.lproj/Main.storyboard; sourceTree = "<group>"; };
		C44FB6AA244F42C9007AC38D /* Assets.xcassets */ = {isa = PBXFileReference; lastKnownFileType = folder.assetcatalog; path = Assets.xcassets; sourceTree = "<group>"; };
		C44FB6AD244F42C9007AC38D /* Base */ = {isa = PBXFileReference; lastKnownFileType = file.storyboard; name = Base; path = Base.lproj/LaunchScreen.storyboard; sourceTree = "<group>"; };
		C44FB6AF244F42C9007AC38D /* Info.plist */ = {isa = PBXFileReference; lastKnownFileType = text.plist.xml; path = Info.plist; sourceTree = "<group>"; };
		C44FB6BB244F4544007AC38D /* LoginController.swift */ = {isa = PBXFileReference; lastKnownFileType = sourcecode.swift; path = LoginController.swift; sourceTree = "<group>"; };
		C488F83D2459D6CA00DCD719 /* HomeController.swift */ = {isa = PBXFileReference; lastKnownFileType = sourcecode.swift; path = HomeController.swift; sourceTree = "<group>"; };
		C4A81ED32457297500CA68DC /* SignUpController.swift */ = {isa = PBXFileReference; lastKnownFileType = sourcecode.swift; path = SignUpController.swift; sourceTree = "<group>"; };
		C4A81ED5245740F100CA68DC /* AuthButton.swift */ = {isa = PBXFileReference; lastKnownFileType = sourcecode.swift; path = AuthButton.swift; sourceTree = "<group>"; };
		C4A81ED724586DBA00CA68DC /* GoogleService-Info.plist */ = {isa = PBXFileReference; lastKnownFileType = text.plist; path = "GoogleService-Info.plist"; sourceTree = SOURCE_ROOT; };
		C4F285F22461BF2A00E76CC6 /* LocationInputView.swift */ = {isa = PBXFileReference; lastKnownFileType = sourcecode.swift; path = LocationInputView.swift; sourceTree = "<group>"; };
		C4F285F42461C33900E76CC6 /* LocationInputActivationView.swift */ = {isa = PBXFileReference; fileEncoding = 4; lastKnownFileType = sourcecode.swift; path = LocationInputActivationView.swift; sourceTree = "<group>"; };
		C4F285F62463066300E76CC6 /* LocationCell.swift */ = {isa = PBXFileReference; lastKnownFileType = sourcecode.swift; path = LocationCell.swift; sourceTree = "<group>"; };
		C4F285F8246317D000E76CC6 /* Service.swift */ = {isa = PBXFileReference; lastKnownFileType = sourcecode.swift; path = Service.swift; sourceTree = "<group>"; };
		C4F285FA24644D2200E76CC6 /* User.swift */ = {isa = PBXFileReference; lastKnownFileType = sourcecode.swift; path = User.swift; sourceTree = "<group>"; };
		C4F285FC2464570800E76CC6 /* LocationHandler.swift */ = {isa = PBXFileReference; lastKnownFileType = sourcecode.swift; path = LocationHandler.swift; sourceTree = "<group>"; };
		C4F285FE246472AD00E76CC6 /* DriverAnnotation.swift */ = {isa = PBXFileReference; lastKnownFileType = sourcecode.swift; path = DriverAnnotation.swift; sourceTree = "<group>"; };
		C55646F27DC743732DD55A8C /* Pods_UberTutorial.framework */ = {isa = PBXFileReference; explicitFileType = wrapper.framework; includeInIndex = 0; path = Pods_UberTutorial.framework; sourceTree = BUILT_PRODUCTS_DIR; };
		C57215DF460C875CC2C06D73 /* Pods-UberTutorial.release.xcconfig */ = {isa = PBXFileReference; includeInIndex = 1; lastKnownFileType = text.xcconfig; name = "Pods-UberTutorial.release.xcconfig"; path = "Target Support Files/Pods-UberTutorial/Pods-UberTutorial.release.xcconfig"; sourceTree = "<group>"; };
/* End PBXFileReference section */

/* Begin PBXFrameworksBuildPhase section */
		C44FB69B244F42C6007AC38D /* Frameworks */ = {
			isa = PBXFrameworksBuildPhase;
			buildActionMask = 2147483647;
			files = (
				B4708B0856EAC2006ED169F9 /* Pods_UberTutorial.framework in Frameworks */,
			);
			runOnlyForDeploymentPostprocessing = 0;
		};
/* End PBXFrameworksBuildPhase section */

/* Begin PBXGroup section */
		779CE220C28E9D87A2C6FA9D /* Pods */ = {
			isa = PBXGroup;
			children = (
				39978E0B2F6B3ED5AA02C376 /* Pods-UberTutorial.debug.xcconfig */,
				C57215DF460C875CC2C06D73 /* Pods-UberTutorial.release.xcconfig */,
			);
			path = Pods;
			sourceTree = "<group>";
		};
		B020CFCBC7BBC846EDDB3F78 /* Frameworks */ = {
			isa = PBXGroup;
			children = (
				C55646F27DC743732DD55A8C /* Pods_UberTutorial.framework */,
			);
			name = Frameworks;
			sourceTree = "<group>";
		};
		C44FB695244F42C6007AC38D = {
			isa = PBXGroup;
			children = (
				C44FB6A0244F42C6007AC38D /* UberTutorial */,
				C44FB69F244F42C6007AC38D /* Products */,
				779CE220C28E9D87A2C6FA9D /* Pods */,
				B020CFCBC7BBC846EDDB3F78 /* Frameworks */,
			);
			sourceTree = "<group>";
		};
		C44FB69F244F42C6007AC38D /* Products */ = {
			isa = PBXGroup;
			children = (
				C44FB69E244F42C6007AC38D /* UberTutorial.app */,
			);
			name = Products;
			sourceTree = "<group>";
		};
		C44FB6A0244F42C6007AC38D /* UberTutorial */ = {
			isa = PBXGroup;
			children = (
				C44FB6B9244F4325007AC38D /* Model */,
				C44FB6B8244F4323007AC38D /* View */,
				C44FB6B7244F4321007AC38D /* Controller */,
				C44FB6B5244F4302007AC38D /* Service */,
				C44FB6BA244F4430007AC38D /* Utils */,
				C44FB6A1244F42C6007AC38D /* AppDelegate.swift */,
				C44FB6A3244F42C6007AC38D /* SceneDelegate.swift */,
				C44FB6A7244F42C6007AC38D /* Main.storyboard */,
				C44FB6AA244F42C9007AC38D /* Assets.xcassets */,
				C44FB6AC244F42C9007AC38D /* LaunchScreen.storyboard */,
				C4A81ED724586DBA00CA68DC /* GoogleService-Info.plist */,
				C44FB6AF244F42C9007AC38D /* Info.plist */,
			);
			path = UberTutorial;
			sourceTree = "<group>";
		};
		C44FB6B5244F4302007AC38D /* Service */ = {
			isa = PBXGroup;
			children = (
				C4F285F8246317D000E76CC6 /* Service.swift */,
			);
			path = Service;
			sourceTree = "<group>";
		};
		C44FB6B7244F4321007AC38D /* Controller */ = {
			isa = PBXGroup;
			children = (
				C44FB6BB244F4544007AC38D /* LoginController.swift */,
				C4A81ED32457297500CA68DC /* SignUpController.swift */,
				C488F83D2459D6CA00DCD719 /* HomeController.swift */,
			);
			path = Controller;
			sourceTree = "<group>";
		};
		C44FB6B8244F4323007AC38D /* View */ = {
			isa = PBXGroup;
			children = (
				C4F285F42461C33900E76CC6 /* LocationInputActivationView.swift */,
				C4A81ED5245740F100CA68DC /* AuthButton.swift */,
				C4F285F22461BF2A00E76CC6 /* LocationInputView.swift */,
				C4F285F62463066300E76CC6 /* LocationCell.swift */,
			);
			path = View;
			sourceTree = "<group>";
		};
		C44FB6B9244F4325007AC38D /* Model */ = {
			isa = PBXGroup;
			children = (
				C4F285FA24644D2200E76CC6 /* User.swift */,
				C4F285FE246472AD00E76CC6 /* DriverAnnotation.swift */,
			);
			path = Model;
			sourceTree = "<group>";
		};
		C44FB6BA244F4430007AC38D /* Utils */ = {
			isa = PBXGroup;
			children = (
				C407693C244F535800793290 /* Extensions.swift */,
				C4F285FC2464570800E76CC6 /* LocationHandler.swift */,
			);
			path = Utils;
			sourceTree = "<group>";
		};
/* End PBXGroup section */

/* Begin PBXNativeTarget section */
		C44FB69D244F42C6007AC38D /* UberTutorial */ = {
			isa = PBXNativeTarget;
			buildConfigurationList = C44FB6B2244F42C9007AC38D /* Build configuration list for PBXNativeTarget "UberTutorial" */;
			buildPhases = (
				1B2138F8586ACB71BE11F7C8 /* [CP] Check Pods Manifest.lock */,
				C44FB69A244F42C6007AC38D /* Sources */,
				C44FB69B244F42C6007AC38D /* Frameworks */,
				C44FB69C244F42C6007AC38D /* Resources */,
				0347031EE86D4B3029849B94 /* [CP] Embed Pods Frameworks */,
			);
			buildRules = (
			);
			dependencies = (
			);
			name = UberTutorial;
			productName = UberTutorial;
			productReference = C44FB69E244F42C6007AC38D /* UberTutorial.app */;
			productType = "com.apple.product-type.application";
		};
/* End PBXNativeTarget section */

/* Begin PBXProject section */
		C44FB696244F42C6007AC38D /* Project object */ = {
			isa = PBXProject;
			attributes = {
				LastSwiftUpdateCheck = 1120;
				LastUpgradeCheck = 1120;
				ORGANIZATIONNAME = "Stephen Learmonth";
				TargetAttributes = {
					C44FB69D244F42C6007AC38D = {
						CreatedOnToolsVersion = 11.2.1;
					};
				};
			};
			buildConfigurationList = C44FB699244F42C6007AC38D /* Build configuration list for PBXProject "UberTutorial" */;
			compatibilityVersion = "Xcode 9.3";
			developmentRegion = en;
			hasScannedForEncodings = 0;
			knownRegions = (
				en,
				Base,
			);
			mainGroup = C44FB695244F42C6007AC38D;
			productRefGroup = C44FB69F244F42C6007AC38D /* Products */;
			projectDirPath = "";
			projectRoot = "";
			targets = (
				C44FB69D244F42C6007AC38D /* UberTutorial */,
			);
		};
/* End PBXProject section */

/* Begin PBXResourcesBuildPhase section */
		C44FB69C244F42C6007AC38D /* Resources */ = {
			isa = PBXResourcesBuildPhase;
			buildActionMask = 2147483647;
			files = (
				C44FB6AE244F42C9007AC38D /* LaunchScreen.storyboard in Resources */,
				C4A81ED824586DBA00CA68DC /* GoogleService-Info.plist in Resources */,
				C44FB6AB244F42C9007AC38D /* Assets.xcassets in Resources */,
				C44FB6A9244F42C6007AC38D /* Main.storyboard in Resources */,
			);
			runOnlyForDeploymentPostprocessing = 0;
		};
/* End PBXResourcesBuildPhase section */

/* Begin PBXShellScriptBuildPhase section */
		0347031EE86D4B3029849B94 /* [CP] Embed Pods Frameworks */ = {
			isa = PBXShellScriptBuildPhase;
			buildActionMask = 2147483647;
			files = (
			);
			inputFileListPaths = (
				"${PODS_ROOT}/Target Support Files/Pods-UberTutorial/Pods-UberTutorial-frameworks-${CONFIGURATION}-input-files.xcfilelist",
			);
			name = "[CP] Embed Pods Frameworks";
			outputFileListPaths = (
				"${PODS_ROOT}/Target Support Files/Pods-UberTutorial/Pods-UberTutorial-frameworks-${CONFIGURATION}-output-files.xcfilelist",
			);
			runOnlyForDeploymentPostprocessing = 0;
			shellPath = /bin/sh;
			shellScript = "\"${PODS_ROOT}/Target Support Files/Pods-UberTutorial/Pods-UberTutorial-frameworks.sh\"\n";
			showEnvVarsInLog = 0;
		};
		1B2138F8586ACB71BE11F7C8 /* [CP] Check Pods Manifest.lock */ = {
			isa = PBXShellScriptBuildPhase;
			buildActionMask = 2147483647;
			files = (
			);
			inputFileListPaths = (
			);
			inputPaths = (
				"${PODS_PODFILE_DIR_PATH}/Podfile.lock",
				"${PODS_ROOT}/Manifest.lock",
			);
			name = "[CP] Check Pods Manifest.lock";
			outputFileListPaths = (
			);
			outputPaths = (
				"$(DERIVED_FILE_DIR)/Pods-UberTutorial-checkManifestLockResult.txt",
			);
			runOnlyForDeploymentPostprocessing = 0;
			shellPath = /bin/sh;
			shellScript = "diff \"${PODS_PODFILE_DIR_PATH}/Podfile.lock\" \"${PODS_ROOT}/Manifest.lock\" > /dev/null\nif [ $? != 0 ] ; then\n    # print error to STDERR\n    echo \"error: The sandbox is not in sync with the Podfile.lock. Run 'pod install' or update your CocoaPods installation.\" >&2\n    exit 1\nfi\n# This output is used by Xcode 'outputs' to avoid re-running this script phase.\necho \"SUCCESS\" > \"${SCRIPT_OUTPUT_FILE_0}\"\n";
			showEnvVarsInLog = 0;
		};
/* End PBXShellScriptBuildPhase section */

/* Begin PBXSourcesBuildPhase section */
		C44FB69A244F42C6007AC38D /* Sources */ = {
			isa = PBXSourcesBuildPhase;
			buildActionMask = 2147483647;
			files = (
				C4A81ED42457297500CA68DC /* SignUpController.swift in Sources */,
				C4A81ED6245740F100CA68DC /* AuthButton.swift in Sources */,
				C488F83E2459D6CA00DCD719 /* HomeController.swift in Sources */,
				C4F285F32461BF2A00E76CC6 /* LocationInputView.swift in Sources */,
				C4F285FF246472AD00E76CC6 /* DriverAnnotation.swift in Sources */,
				C4F285F52461C33900E76CC6 /* LocationInputActivationView.swift in Sources */,
				C44FB6A2244F42C6007AC38D /* AppDelegate.swift in Sources */,
				C4F285F72463066300E76CC6 /* LocationCell.swift in Sources */,
				C4F285FD2464570800E76CC6 /* LocationHandler.swift in Sources */,
				C44FB6BC244F4544007AC38D /* LoginController.swift in Sources */,
				C4F285FB24644D2200E76CC6 /* User.swift in Sources */,
				C4F285F9246317D000E76CC6 /* Service.swift in Sources */,
				C44FB6A4244F42C6007AC38D /* SceneDelegate.swift in Sources */,
				C407693D244F535800793290 /* Extensions.swift in Sources */,
			);
			runOnlyForDeploymentPostprocessing = 0;
		};
/* End PBXSourcesBuildPhase section */

/* Begin PBXVariantGroup section */
		C44FB6A7244F42C6007AC38D /* Main.storyboard */ = {
			isa = PBXVariantGroup;
			children = (
				C44FB6A8244F42C6007AC38D /* Base */,
			);
			name = Main.storyboard;
			sourceTree = "<group>";
		};
		C44FB6AC244F42C9007AC38D /* LaunchScreen.storyboard */ = {
			isa = PBXVariantGroup;
			children = (
				C44FB6AD244F42C9007AC38D /* Base */,
			);
			name = LaunchScreen.storyboard;
			sourceTree = "<group>";
		};
/* End PBXVariantGroup section */

/* Begin XCBuildConfiguration section */
		C44FB6B0244F42C9007AC38D /* Debug */ = {
			isa = XCBuildConfiguration;
			buildSettings = {
				ALWAYS_SEARCH_USER_PATHS = NO;
				CLANG_ANALYZER_NONNULL = YES;
				CLANG_ANALYZER_NUMBER_OBJECT_CONVERSION = YES_AGGRESSIVE;
				CLANG_CXX_LANGUAGE_STANDARD = "gnu++14";
				CLANG_CXX_LIBRARY = "libc++";
				CLANG_ENABLE_MODULES = YES;
				CLANG_ENABLE_OBJC_ARC = YES;
				CLANG_ENABLE_OBJC_WEAK = YES;
				CLANG_WARN_BLOCK_CAPTURE_AUTORELEASING = YES;
				CLANG_WARN_BOOL_CONVERSION = YES;
				CLANG_WARN_COMMA = YES;
				CLANG_WARN_CONSTANT_CONVERSION = YES;
				CLANG_WARN_DEPRECATED_OBJC_IMPLEMENTATIONS = YES;
				CLANG_WARN_DIRECT_OBJC_ISA_USAGE = YES_ERROR;
				CLANG_WARN_DOCUMENTATION_COMMENTS = YES;
				CLANG_WARN_EMPTY_BODY = YES;
				CLANG_WARN_ENUM_CONVERSION = YES;
				CLANG_WARN_INFINITE_RECURSION = YES;
				CLANG_WARN_INT_CONVERSION = YES;
				CLANG_WARN_NON_LITERAL_NULL_CONVERSION = YES;
				CLANG_WARN_OBJC_IMPLICIT_RETAIN_SELF = YES;
				CLANG_WARN_OBJC_LITERAL_CONVERSION = YES;
				CLANG_WARN_OBJC_ROOT_CLASS = YES_ERROR;
				CLANG_WARN_RANGE_LOOP_ANALYSIS = YES;
				CLANG_WARN_STRICT_PROTOTYPES = YES;
				CLANG_WARN_SUSPICIOUS_MOVE = YES;
				CLANG_WARN_UNGUARDED_AVAILABILITY = YES_AGGRESSIVE;
				CLANG_WARN_UNREACHABLE_CODE = YES;
				CLANG_WARN__DUPLICATE_METHOD_MATCH = YES;
				COPY_PHASE_STRIP = NO;
				DEBUG_INFORMATION_FORMAT = dwarf;
				ENABLE_STRICT_OBJC_MSGSEND = YES;
				ENABLE_TESTABILITY = YES;
				GCC_C_LANGUAGE_STANDARD = gnu11;
				GCC_DYNAMIC_NO_PIC = NO;
				GCC_NO_COMMON_BLOCKS = YES;
				GCC_OPTIMIZATION_LEVEL = 0;
				GCC_PREPROCESSOR_DEFINITIONS = (
					"DEBUG=1",
					"$(inherited)",
				);
				GCC_WARN_64_TO_32_BIT_CONVERSION = YES;
				GCC_WARN_ABOUT_RETURN_TYPE = YES_ERROR;
				GCC_WARN_UNDECLARED_SELECTOR = YES;
				GCC_WARN_UNINITIALIZED_AUTOS = YES_AGGRESSIVE;
				GCC_WARN_UNUSED_FUNCTION = YES;
				GCC_WARN_UNUSED_VARIABLE = YES;
				IPHONEOS_DEPLOYMENT_TARGET = 13.2;
				MTL_ENABLE_DEBUG_INFO = INCLUDE_SOURCE;
				MTL_FAST_MATH = YES;
				ONLY_ACTIVE_ARCH = YES;
				SDKROOT = iphoneos;
				SWIFT_ACTIVE_COMPILATION_CONDITIONS = DEBUG;
				SWIFT_OPTIMIZATION_LEVEL = "-Onone";
			};
			name = Debug;
		};
		C44FB6B1244F42C9007AC38D /* Release */ = {
			isa = XCBuildConfiguration;
			buildSettings = {
				ALWAYS_SEARCH_USER_PATHS = NO;
				CLANG_ANALYZER_NONNULL = YES;
				CLANG_ANALYZER_NUMBER_OBJECT_CONVERSION = YES_AGGRESSIVE;
				CLANG_CXX_LANGUAGE_STANDARD = "gnu++14";
				CLANG_CXX_LIBRARY = "libc++";
				CLANG_ENABLE_MODULES = YES;
				CLANG_ENABLE_OBJC_ARC = YES;
				CLANG_ENABLE_OBJC_WEAK = YES;
				CLANG_WARN_BLOCK_CAPTURE_AUTORELEASING = YES;
				CLANG_WARN_BOOL_CONVERSION = YES;
				CLANG_WARN_COMMA = YES;
				CLANG_WARN_CONSTANT_CONVERSION = YES;
				CLANG_WARN_DEPRECATED_OBJC_IMPLEMENTATIONS = YES;
				CLANG_WARN_DIRECT_OBJC_ISA_USAGE = YES_ERROR;
				CLANG_WARN_DOCUMENTATION_COMMENTS = YES;
				CLANG_WARN_EMPTY_BODY = YES;
				CLANG_WARN_ENUM_CONVERSION = YES;
				CLANG_WARN_INFINITE_RECURSION = YES;
				CLANG_WARN_INT_CONVERSION = YES;
				CLANG_WARN_NON_LITERAL_NULL_CONVERSION = YES;
				CLANG_WARN_OBJC_IMPLICIT_RETAIN_SELF = YES;
				CLANG_WARN_OBJC_LITERAL_CONVERSION = YES;
				CLANG_WARN_OBJC_ROOT_CLASS = YES_ERROR;
				CLANG_WARN_RANGE_LOOP_ANALYSIS = YES;
				CLANG_WARN_STRICT_PROTOTYPES = YES;
				CLANG_WARN_SUSPICIOUS_MOVE = YES;
				CLANG_WARN_UNGUARDED_AVAILABILITY = YES_AGGRESSIVE;
				CLANG_WARN_UNREACHABLE_CODE = YES;
				CLANG_WARN__DUPLICATE_METHOD_MATCH = YES;
				COPY_PHASE_STRIP = NO;
				DEBUG_INFORMATION_FORMAT = "dwarf-with-dsym";
				ENABLE_NS_ASSERTIONS = NO;
				ENABLE_STRICT_OBJC_MSGSEND = YES;
				GCC_C_LANGUAGE_STANDARD = gnu11;
				GCC_NO_COMMON_BLOCKS = YES;
				GCC_WARN_64_TO_32_BIT_CONVERSION = YES;
				GCC_WARN_ABOUT_RETURN_TYPE = YES_ERROR;
				GCC_WARN_UNDECLARED_SELECTOR = YES;
				GCC_WARN_UNINITIALIZED_AUTOS = YES_AGGRESSIVE;
				GCC_WARN_UNUSED_FUNCTION = YES;
				GCC_WARN_UNUSED_VARIABLE = YES;
				IPHONEOS_DEPLOYMENT_TARGET = 13.2;
				MTL_ENABLE_DEBUG_INFO = NO;
				MTL_FAST_MATH = YES;
				SDKROOT = iphoneos;
				SWIFT_COMPILATION_MODE = wholemodule;
				SWIFT_OPTIMIZATION_LEVEL = "-O";
				VALIDATE_PRODUCT = YES;
			};
			name = Release;
		};
		C44FB6B3244F42C9007AC38D /* Debug */ = {
			isa = XCBuildConfiguration;
			baseConfigurationReference = 39978E0B2F6B3ED5AA02C376 /* Pods-UberTutorial.debug.xcconfig */;
			buildSettings = {
				ASSETCATALOG_COMPILER_APPICON_NAME = AppIcon;
				CODE_SIGN_STYLE = Automatic;
				DEVELOPMENT_TEAM = EY96RACD4Q;
				INFOPLIST_FILE = UberTutorial/Info.plist;
				LD_RUNPATH_SEARCH_PATHS = (
					"$(inherited)",
					"@executable_path/Frameworks",
				);
				PRODUCT_BUNDLE_IDENTIFIER = com.sjlearmonth.UberTutorial;
				PRODUCT_NAME = "$(TARGET_NAME)";
				SWIFT_VERSION = 5.0;
				TARGETED_DEVICE_FAMILY = "1,2";
			};
			name = Debug;
		};
		C44FB6B4244F42C9007AC38D /* Release */ = {
			isa = XCBuildConfiguration;
			baseConfigurationReference = C57215DF460C875CC2C06D73 /* Pods-UberTutorial.release.xcconfig */;
			buildSettings = {
				ASSETCATALOG_COMPILER_APPICON_NAME = AppIcon;
				CODE_SIGN_STYLE = Automatic;
				DEVELOPMENT_TEAM = EY96RACD4Q;
				INFOPLIST_FILE = UberTutorial/Info.plist;
				LD_RUNPATH_SEARCH_PATHS = (
					"$(inherited)",
					"@executable_path/Frameworks",
				);
				PRODUCT_BUNDLE_IDENTIFIER = com.sjlearmonth.UberTutorial;
				PRODUCT_NAME = "$(TARGET_NAME)";
				SWIFT_VERSION = 5.0;
				TARGETED_DEVICE_FAMILY = "1,2";
			};
			name = Release;
		};
/* End XCBuildConfiguration section */

/* Begin XCConfigurationList section */
		C44FB699244F42C6007AC38D /* Build configuration list for PBXProject "UberTutorial" */ = {
			isa = XCConfigurationList;
			buildConfigurations = (
				C44FB6B0244F42C9007AC38D /* Debug */,
				C44FB6B1244F42C9007AC38D /* Release */,
			);
			defaultConfigurationIsVisible = 0;
			defaultConfigurationName = Release;
		};
		C44FB6B2244F42C9007AC38D /* Build configuration list for PBXNativeTarget "UberTutorial" */ = {
			isa = XCConfigurationList;
			buildConfigurations = (
				C44FB6B3244F42C9007AC38D /* Debug */,
				C44FB6B4244F42C9007AC38D /* Release */,
			);
			defaultConfigurationIsVisible = 0;
			defaultConfigurationName = Release;
		};
/* End XCConfigurationList section */
	};
	rootObject = C44FB696244F42C6007AC38D /* Project object */;
}
